
Microsoft Visual Studio Solution File, Format Version 12.00
# Visual Studio Version 16
VisualStudioVersion = 16.0.29424.173
MinimumVisualStudioVersion = 10.0.40219.1
Project("{FAE04EC0-301F-11D3-BF4B-00C04F79EFBC}") = "WebApplication11", "WebApplication11\WebApplication11.csproj", "{EF25015A-F1B2-484C-AB32-1CC99EFF6C24}"
EndProject
Global
	GlobalSection(SolutionConfigurationPlatforms) = preSolution
		Debug|Any CPU = Debug|Any CPU
		Release|Any CPU = Release|Any CPU
	EndGlobalSection
	GlobalSection(ProjectConfigurationPlatforms) = postSolution
		{EF25015A-F1B2-484C-AB32-1CC99EFF6C24}.Debug|Any CPU.ActiveCfg = Debug|Any CPU
		{EF25015A-F1B2-484C-AB32-1CC99EFF6C24}.Debug|Any CPU.Build.0 = Debug|Any CPU
		{EF25015A-F1B2-484C-AB32-1CC99EFF6C24}.Release|Any CPU.ActiveCfg = Release|Any CPU
		{EF25015A-F1B2-484C-AB32-1CC99EFF6C24}.Release|Any CPU.Build.0 = Release|Any CPU
	EndGlobalSection
	GlobalSection(SolutionProperties) = preSolution
		HideSolutionNode = FALSE
	EndGlobalSection
	GlobalSection(ExtensibilityGlobals) = postSolution
		SolutionGuid = {73589BFC-0BC4-4A8A-BB90-F71F3E512289}
	EndGlobalSection
EndGlobal
